
Microsoft Visual Studio Solution File, Format Version 12.00
# Visual Studio Version 16
VisualStudioVersion = 16.0.30711.63
MinimumVisualStudioVersion = 10.0.40219.1
Project("{FAE04EC0-301F-11D3-BF4B-00C04F79EFBC}") = "Klasse_mit_Besitzer_Person", "Klasse_mit_Besitzer_Person\Klasse_mit_Besitzer_Person.csproj", "{F08043DB-6056-44CF-8490-F3069A8752E6}"
EndProject
Global
	GlobalSection(SolutionConfigurationPlatforms) = preSolution
		Debug|Any CPU = Debug|Any CPU
		Release|Any CPU = Release|Any CPU
	EndGlobalSection
	GlobalSection(ProjectConfigurationPlatforms) = postSolution
		{F08043DB-6056-44CF-8490-F3069A8752E6}.Debug|Any CPU.ActiveCfg = Debug|Any CPU
		{F08043DB-6056-44CF-8490-F3069A8752E6}.Debug|Any CPU.Build.0 = Debug|Any CPU
		{F08043DB-6056-44CF-8490-F3069A8752E6}.Release|Any CPU.ActiveCfg = Release|Any CPU
		{F08043DB-6056-44CF-8490-F3069A8752E6}.Release|Any CPU.Build.0 = Release|Any CPU
	EndGlobalSection
	GlobalSection(SolutionProperties) = preSolution
		HideSolutionNode = FALSE
	EndGlobalSection
	GlobalSection(ExtensibilityGlobals) = postSolution
		SolutionGuid = {0DD87BB5-B727-4835-A51E-EE2DC9E55697}
	EndGlobalSection
EndGlobal
